
Microsoft Visual Studio Solution File, Format Version 12.00
# Visual Studio Version 17
VisualStudioVersion = 17.8.34309.116
MinimumVisualStudioVersion = 10.0.40219.1
Project("{FAE04EC0-301F-11D3-BF4B-00C04F79EFBC}") = "TestProject1", "TestProject1.csproj", "{0BF4D2FE-28E9-4C5C-B793-A20EE1CEE9D8}"
EndProject
Global
	GlobalSection(SolutionConfigurationPlatforms) = preSolution
		Debug|Any CPU = Debug|Any CPU
		Release|Any CPU = Release|Any CPU
	EndGlobalSection
	GlobalSection(ProjectConfigurationPlatforms) = postSolution
		{0BF4D2FE-28E9-4C5C-B793-A20EE1CEE9D8}.Debug|Any CPU.ActiveCfg = Debug|Any CPU
		{0BF4D2FE-28E9-4C5C-B793-A20EE1CEE9D8}.Debug|Any CPU.Build.0 = Debug|Any CPU
		{0BF4D2FE-28E9-4C5C-B793-A20EE1CEE9D8}.Release|Any CPU.ActiveCfg = Release|Any CPU
		{0BF4D2FE-28E9-4C5C-B793-A20EE1CEE9D8}.Release|Any CPU.Build.0 = Release|Any CPU
	EndGlobalSection
	GlobalSection(SolutionProperties) = preSolution
		HideSolutionNode = FALSE
	EndGlobalSection
	GlobalSection(ExtensibilityGlobals) = postSolution
		SolutionGuid = {FA5E14EB-CC9E-4E4D-A49F-CAC3CF03E6DA}
	EndGlobalSection
EndGlobal
